
Microsoft Visual Studio Solution File, Format Version 12.00
# Visual Studio Version 16
VisualStudioVersion = 16.0.30011.22
MinimumVisualStudioVersion = 10.0.40219.1
Project("{FAE04EC0-301F-11D3-BF4B-00C04F79EFBC}") = "Restaurant", "Restaurant\Restaurant.csproj", "{380853A7-2097-4474-AEA4-D81D0A57AE1D}"
EndProject
Project("{FAE04EC0-301F-11D3-BF4B-00C04F79EFBC}") = "Persistence", "Persistence\Persistence.csproj", "{828E23FA-D406-42F7-8397-A70ECD344439}"
EndProject
Project("{FAE04EC0-301F-11D3-BF4B-00C04F79EFBC}") = "Domain", "Domain\Domain.csproj", "{0C900655-927F-44ED-B93C-AA3F12051993}"
EndProject
Project("{FAE04EC0-301F-11D3-BF4B-00C04F79EFBC}") = "Application", "Application\Application.csproj", "{552340DF-2847-4060-B690-7F21BE327F35}"
EndProject
Global
	GlobalSection(SolutionConfigurationPlatforms) = preSolution
		Debug|Any CPU = Debug|Any CPU
		Release|Any CPU = Release|Any CPU
	EndGlobalSection
	GlobalSection(ProjectConfigurationPlatforms) = postSolution
		{380853A7-2097-4474-AEA4-D81D0A57AE1D}.Debug|Any CPU.ActiveCfg = Debug|Any CPU
		{380853A7-2097-4474-AEA4-D81D0A57AE1D}.Debug|Any CPU.Build.0 = Debug|Any CPU
		{380853A7-2097-4474-AEA4-D81D0A57AE1D}.Release|Any CPU.ActiveCfg = Release|Any CPU
		{380853A7-2097-4474-AEA4-D81D0A57AE1D}.Release|Any CPU.Build.0 = Release|Any CPU
		{828E23FA-D406-42F7-8397-A70ECD344439}.Debug|Any CPU.ActiveCfg = Debug|Any CPU
		{828E23FA-D406-42F7-8397-A70ECD344439}.Debug|Any CPU.Build.0 = Debug|Any CPU
		{828E23FA-D406-42F7-8397-A70ECD344439}.Release|Any CPU.ActiveCfg = Release|Any CPU
		{828E23FA-D406-42F7-8397-A70ECD344439}.Release|Any CPU.Build.0 = Release|Any CPU
		{0C900655-927F-44ED-B93C-AA3F12051993}.Debug|Any CPU.ActiveCfg = Debug|Any CPU
		{0C900655-927F-44ED-B93C-AA3F12051993}.Debug|Any CPU.Build.0 = Debug|Any CPU
		{0C900655-927F-44ED-B93C-AA3F12051993}.Release|Any CPU.ActiveCfg = Release|Any CPU
		{0C900655-927F-44ED-B93C-AA3F12051993}.Release|Any CPU.Build.0 = Release|Any CPU
		{552340DF-2847-4060-B690-7F21BE327F35}.Debug|Any CPU.ActiveCfg = Debug|Any CPU
		{552340DF-2847-4060-B690-7F21BE327F35}.Debug|Any CPU.Build.0 = Debug|Any CPU
		{552340DF-2847-4060-B690-7F21BE327F35}.Release|Any CPU.ActiveCfg = Release|Any CPU
		{552340DF-2847-4060-B690-7F21BE327F35}.Release|Any CPU.Build.0 = Release|Any CPU
	EndGlobalSection
	GlobalSection(SolutionProperties) = preSolution
		HideSolutionNode = FALSE
	EndGlobalSection
	GlobalSection(ExtensibilityGlobals) = postSolution
		SolutionGuid = {934B8D55-50B4-4D7B-92E7-1F7033C13D55}
	EndGlobalSection
EndGlobal
